
Microsoft Visual Studio Solution File, Format Version 12.00
# Visual Studio Version 17
VisualStudioVersion = 17.4.33403.182
MinimumVisualStudioVersion = 10.0.40219.1
Project("{FAE04EC0-301F-11D3-BF4B-00C04F79EFBC}") = "Inspimo_AdonetMovie", "Inspimo_AdonetMovie\Inspimo_AdonetMovie.csproj", "{D9FD06B2-33DF-447E-BA42-BCAD3AC670D1}"
EndProject
Global
	GlobalSection(SolutionConfigurationPlatforms) = preSolution
		Debug|Any CPU = Debug|Any CPU
		Release|Any CPU = Release|Any CPU
	EndGlobalSection
	GlobalSection(ProjectConfigurationPlatforms) = postSolution
		{D9FD06B2-33DF-447E-BA42-BCAD3AC670D1}.Debug|Any CPU.ActiveCfg = Debug|Any CPU
		{D9FD06B2-33DF-447E-BA42-BCAD3AC670D1}.Debug|Any CPU.Build.0 = Debug|Any CPU
		{D9FD06B2-33DF-447E-BA42-BCAD3AC670D1}.Release|Any CPU.ActiveCfg = Release|Any CPU
		{D9FD06B2-33DF-447E-BA42-BCAD3AC670D1}.Release|Any CPU.Build.0 = Release|Any CPU
	EndGlobalSection
	GlobalSection(SolutionProperties) = preSolution
		HideSolutionNode = FALSE
	EndGlobalSection
	GlobalSection(ExtensibilityGlobals) = postSolution
		SolutionGuid = {447213AB-6F43-4653-8501-C64ED98C87C5}
	EndGlobalSection
EndGlobal
